
Microsoft Visual Studio Solution File, Format Version 12.00
# Visual Studio Version 16
VisualStudioVersion = 16.0.31005.135
MinimumVisualStudioVersion = 10.0.40219.1
Project("{9A19103F-16F7-4668-BE54-9A1E7A4F7556}") = "Core", "Core\Core.csproj", "{56FB5CA6-FB47-4859-AB53-22E754636418}"
EndProject
Project("{9A19103F-16F7-4668-BE54-9A1E7A4F7556}") = "Business", "Business\Business.csproj", "{D3C79852-A0AA-4734-B787-124CF7574EE4}"
EndProject
Project("{9A19103F-16F7-4668-BE54-9A1E7A4F7556}") = "DataAccess", "DataAccess\DataAccess.csproj", "{6CF0192F-5C83-47BC-ABFB-D1EA198DED24}"
EndProject
Project("{9A19103F-16F7-4668-BE54-9A1E7A4F7556}") = "Entities", "Entities\Entities.csproj", "{30967A89-B516-447A-A80B-6C9F8E6BFEE1}"
EndProject
Project("{9A19103F-16F7-4668-BE54-9A1E7A4F7556}") = "WebAPI", "WebAPI\WebAPI.csproj", "{1401E907-2255-4438-BE5C-4576AB70027A}"
EndProject
Global
	GlobalSection(SolutionConfigurationPlatforms) = preSolution
		Debug|Any CPU = Debug|Any CPU
		Release|Any CPU = Release|Any CPU
	EndGlobalSection
	GlobalSection(ProjectConfigurationPlatforms) = postSolution
		{56FB5CA6-FB47-4859-AB53-22E754636418}.Debug|Any CPU.ActiveCfg = Debug|Any CPU
		{56FB5CA6-FB47-4859-AB53-22E754636418}.Debug|Any CPU.Build.0 = Debug|Any CPU
		{56FB5CA6-FB47-4859-AB53-22E754636418}.Release|Any CPU.ActiveCfg = Release|Any CPU
		{56FB5CA6-FB47-4859-AB53-22E754636418}.Release|Any CPU.Build.0 = Release|Any CPU
		{D3C79852-A0AA-4734-B787-124CF7574EE4}.Debug|Any CPU.ActiveCfg = Debug|Any CPU
		{D3C79852-A0AA-4734-B787-124CF7574EE4}.Debug|Any CPU.Build.0 = Debug|Any CPU
		{D3C79852-A0AA-4734-B787-124CF7574EE4}.Release|Any CPU.ActiveCfg = Release|Any CPU
		{D3C79852-A0AA-4734-B787-124CF7574EE4}.Release|Any CPU.Build.0 = Release|Any CPU
		{6CF0192F-5C83-47BC-ABFB-D1EA198DED24}.Debug|Any CPU.ActiveCfg = Debug|Any CPU
		{6CF0192F-5C83-47BC-ABFB-D1EA198DED24}.Debug|Any CPU.Build.0 = Debug|Any CPU
		{6CF0192F-5C83-47BC-ABFB-D1EA198DED24}.Release|Any CPU.ActiveCfg = Release|Any CPU
		{6CF0192F-5C83-47BC-ABFB-D1EA198DED24}.Release|Any CPU.Build.0 = Release|Any CPU
		{30967A89-B516-447A-A80B-6C9F8E6BFEE1}.Debug|Any CPU.ActiveCfg = Debug|Any CPU
		{30967A89-B516-447A-A80B-6C9F8E6BFEE1}.Debug|Any CPU.Build.0 = Debug|Any CPU
		{30967A89-B516-447A-A80B-6C9F8E6BFEE1}.Release|Any CPU.ActiveCfg = Release|Any CPU
		{30967A89-B516-447A-A80B-6C9F8E6BFEE1}.Release|Any CPU.Build.0 = Release|Any CPU
		{1401E907-2255-4438-BE5C-4576AB70027A}.Debug|Any CPU.ActiveCfg = Debug|Any CPU
		{1401E907-2255-4438-BE5C-4576AB70027A}.Debug|Any CPU.Build.0 = Debug|Any CPU
		{1401E907-2255-4438-BE5C-4576AB70027A}.Release|Any CPU.ActiveCfg = Release|Any CPU
		{1401E907-2255-4438-BE5C-4576AB70027A}.Release|Any CPU.Build.0 = Release|Any CPU
	EndGlobalSection
	GlobalSection(SolutionProperties) = preSolution
		HideSolutionNode = FALSE
	EndGlobalSection
	GlobalSection(ExtensibilityGlobals) = postSolution
		SolutionGuid = {8A72647D-821F-455E-913B-8CB48BA13AD6}
	EndGlobalSection
EndGlobal
